// !$*UTF8*$!
{
	archiveVersion = 1;
	classes = {
	};
	objectVersion = 56;
	objects = {

/* Begin PBXBuildFile section */
		A12689922B11DFBD0050E4EF /* AppDelegate.swift in Sources */ = {isa = PBXBuildFile; fileRef = A12689912B11DFBD0050E4EF /* AppDelegate.swift */; };
		A12689942B11DFBD0050E4EF /* SceneDelegate.swift in Sources */ = {isa = PBXBuildFile; fileRef = A12689932B11DFBD0050E4EF /* SceneDelegate.swift */; };
		A126899B2B11DFBE0050E4EF /* Assets.xcassets in Resources */ = {isa = PBXBuildFile; fileRef = A126899A2B11DFBE0050E4EF /* Assets.xcassets */; };
		A126899E2B11DFBE0050E4EF /* LaunchScreen.storyboard in Resources */ = {isa = PBXBuildFile; fileRef = A126899C2B11DFBE0050E4EF /* LaunchScreen.storyboard */; };
		A12689AC2B11E1940050E4EF /* CollapsibleStackRootViewProtocol.swift in Sources */ = {isa = PBXBuildFile; fileRef = A12689AB2B11E1940050E4EF /* CollapsibleStackRootViewProtocol.swift */; };
		A12689AE2B11E1B00050E4EF /* CollapsibleStackRootViewController.swift in Sources */ = {isa = PBXBuildFile; fileRef = A12689AD2B11E1B00050E4EF /* CollapsibleStackRootViewController.swift */; };
		A12689B02B11E5570050E4EF /* CollapsibleViewControllerProtocol.swift in Sources */ = {isa = PBXBuildFile; fileRef = A12689AF2B11E5570050E4EF /* CollapsibleViewControllerProtocol.swift */; };
		A12689B42B11EEEE0050E4EF /* AmountSelectionViewController.swift in Sources */ = {isa = PBXBuildFile; fileRef = A12689B22B11EEEE0050E4EF /* AmountSelectionViewController.swift */; };
		A12689B52B11EEEE0050E4EF /* AmountSelectionViewController.xib in Resources */ = {isa = PBXBuildFile; fileRef = A12689B32B11EEEE0050E4EF /* AmountSelectionViewController.xib */; };
		A12689B82B1211F40050E4EF /* TopRoundedCornerView.swift in Sources */ = {isa = PBXBuildFile; fileRef = A12689B72B1211F40050E4EF /* TopRoundedCornerView.swift */; };
		A12689BA2B1216CE0050E4EF /* UIView+Extension.swift in Sources */ = {isa = PBXBuildFile; fileRef = A12689B92B1216CE0050E4EF /* UIView+Extension.swift */; };
		A12689BE2B1232DE0050E4EF /* CollapsibleStackUserInputViewController.swift in Sources */ = {isa = PBXBuildFile; fileRef = A12689BC2B1232DE0050E4EF /* CollapsibleStackUserInputViewController.swift */; };
		A12689BF2B1232DE0050E4EF /* CollapsibleStackUserInputViewController.xib in Resources */ = {isa = PBXBuildFile; fileRef = A12689BD2B1232DE0050E4EF /* CollapsibleStackUserInputViewController.xib */; };
		A12689C12B12381F0050E4EF /* UIViewController+Extension.swift in Sources */ = {isa = PBXBuildFile; fileRef = A12689C02B12381F0050E4EF /* UIViewController+Extension.swift */; };
		A12689C32B12F8B40050E4EF /* CustomErrors.swift in Sources */ = {isa = PBXBuildFile; fileRef = A12689C22B12F8B40050E4EF /* CustomErrors.swift */; };
/* End PBXBuildFile section */

/* Begin PBXFileReference section */
		A126898E2B11DFBD0050E4EF /* Cred Task.app */ = {isa = PBXFileReference; explicitFileType = wrapper.application; includeInIndex = 0; path = "Cred Task.app"; sourceTree = BUILT_PRODUCTS_DIR; };
		A12689912B11DFBD0050E4EF /* AppDelegate.swift */ = {isa = PBXFileReference; lastKnownFileType = sourcecode.swift; path = AppDelegate.swift; sourceTree = "<group>"; };
		A12689932B11DFBD0050E4EF /* SceneDelegate.swift */ = {isa = PBXFileReference; lastKnownFileType = sourcecode.swift; path = SceneDelegate.swift; sourceTree = "<group>"; };
		A126899A2B11DFBE0050E4EF /* Assets.xcassets */ = {isa = PBXFileReference; lastKnownFileType = folder.assetcatalog; path = Assets.xcassets; sourceTree = "<group>"; };
		A126899D2B11DFBE0050E4EF /* Base */ = {isa = PBXFileReference; lastKnownFileType = file.storyboard; name = Base; path = Base.lproj/LaunchScreen.storyboard; sourceTree = "<group>"; };
		A126899F2B11DFBE0050E4EF /* Info.plist */ = {isa = PBXFileReference; lastKnownFileType = text.plist.xml; path = Info.plist; sourceTree = "<group>"; };
		A12689AB2B11E1940050E4EF /* CollapsibleStackRootViewProtocol.swift */ = {isa = PBXFileReference; lastKnownFileType = sourcecode.swift; path = CollapsibleStackRootViewProtocol.swift; sourceTree = "<group>"; };
		A12689AD2B11E1B00050E4EF /* CollapsibleStackRootViewController.swift */ = {isa = PBXFileReference; lastKnownFileType = sourcecode.swift; path = CollapsibleStackRootViewController.swift; sourceTree = "<group>"; };
		A12689AF2B11E5570050E4EF /* CollapsibleViewControllerProtocol.swift */ = {isa = PBXFileReference; lastKnownFileType = sourcecode.swift; path = CollapsibleViewControllerProtocol.swift; sourceTree = "<group>"; };
		A12689B22B11EEEE0050E4EF /* AmountSelectionViewController.swift */ = {isa = PBXFileReference; lastKnownFileType = sourcecode.swift; path = AmountSelectionViewController.swift; sourceTree = "<group>"; };
		A12689B32B11EEEE0050E4EF /* AmountSelectionViewController.xib */ = {isa = PBXFileReference; lastKnownFileType = file.xib; path = AmountSelectionViewController.xib; sourceTree = "<group>"; };
		A12689B72B1211F40050E4EF /* TopRoundedCornerView.swift */ = {isa = PBXFileReference; lastKnownFileType = sourcecode.swift; path = TopRoundedCornerView.swift; sourceTree = "<group>"; };
		A12689B92B1216CE0050E4EF /* UIView+Extension.swift */ = {isa = PBXFileReference; lastKnownFileType = sourcecode.swift; path = "UIView+Extension.swift"; sourceTree = "<group>"; };
		A12689BC2B1232DE0050E4EF /* CollapsibleStackUserInputViewController.swift */ = {isa = PBXFileReference; lastKnownFileType = sourcecode.swift; path = CollapsibleStackUserInputViewController.swift; sourceTree = "<group>"; };
		A12689BD2B1232DE0050E4EF /* CollapsibleStackUserInputViewController.xib */ = {isa = PBXFileReference; lastKnownFileType = file.xib; path = CollapsibleStackUserInputViewController.xib; sourceTree = "<group>"; };
		A12689C02B12381F0050E4EF /* UIViewController+Extension.swift */ = {isa = PBXFileReference; lastKnownFileType = sourcecode.swift; path = "UIViewController+Extension.swift"; sourceTree = "<group>"; };
		A12689C22B12F8B40050E4EF /* CustomErrors.swift */ = {isa = PBXFileReference; lastKnownFileType = sourcecode.swift; path = CustomErrors.swift; sourceTree = "<group>"; };
/* End PBXFileReference section */

/* Begin PBXFrameworksBuildPhase section */
		A126898B2B11DFBD0050E4EF /* Frameworks */ = {
			isa = PBXFrameworksBuildPhase;
			buildActionMask = 2147483647;
			files = (
			);
			runOnlyForDeploymentPostprocessing = 0;
		};
/* End PBXFrameworksBuildPhase section */

/* Begin PBXGroup section */
		A12689852B11DFBD0050E4EF = {
			isa = PBXGroup;
			children = (
				A12689902B11DFBD0050E4EF /* Cred Task */,
				A126898F2B11DFBD0050E4EF /* Products */,
			);
			sourceTree = "<group>";
		};
		A126898F2B11DFBD0050E4EF /* Products */ = {
			isa = PBXGroup;
			children = (
				A126898E2B11DFBD0050E4EF /* Cred Task.app */,
			);
			name = Products;
			sourceTree = "<group>";
		};
		A12689902B11DFBD0050E4EF /* Cred Task */ = {
			isa = PBXGroup;
			children = (
				A126899F2B11DFBE0050E4EF /* Info.plist */,
				A12689BB2B1232980050E4EF /* CollapsibleStackUserInput */,
				A12689B62B1211D10050E4EF /* SupportingResources */,
				A12689B12B11EEDA0050E4EF /* AmountSelection */,
				A12689A82B11E12A0050E4EF /* CollapsibleStack */,
				A12689A52B11E0690050E4EF /* AppFiles */,
			);
			path = "Cred Task";
			sourceTree = "<group>";
		};
		A12689A52B11E0690050E4EF /* AppFiles */ = {
			isa = PBXGroup;
			children = (
				A126899C2B11DFBE0050E4EF /* LaunchScreen.storyboard */,
				A126899A2B11DFBE0050E4EF /* Assets.xcassets */,
				A12689912B11DFBD0050E4EF /* AppDelegate.swift */,
				A12689932B11DFBD0050E4EF /* SceneDelegate.swift */,
			);
			path = AppFiles;
			sourceTree = "<group>";
		};
		A12689A82B11E12A0050E4EF /* CollapsibleStack */ = {
			isa = PBXGroup;
			children = (
				A12689AA2B11E17F0050E4EF /* Protocol */,
				A12689A92B11E14E0050E4EF /* ViewController */,
			);
			path = CollapsibleStack;
			sourceTree = "<group>";
		};
		A12689A92B11E14E0050E4EF /* ViewController */ = {
			isa = PBXGroup;
			children = (
				A12689AD2B11E1B00050E4EF /* CollapsibleStackRootViewController.swift */,
			);
			path = ViewController;
			sourceTree = "<group>";
		};
		A12689AA2B11E17F0050E4EF /* Protocol */ = {
			isa = PBXGroup;
			children = (
				A12689AB2B11E1940050E4EF /* CollapsibleStackRootViewProtocol.swift */,
				A12689AF2B11E5570050E4EF /* CollapsibleViewControllerProtocol.swift */,
			);
			path = Protocol;
			sourceTree = "<group>";
		};
		A12689B12B11EEDA0050E4EF /* AmountSelection */ = {
			isa = PBXGroup;
			children = (
				A12689B22B11EEEE0050E4EF /* AmountSelectionViewController.swift */,
				A12689B32B11EEEE0050E4EF /* AmountSelectionViewController.xib */,
			);
			path = AmountSelection;
			sourceTree = "<group>";
		};
		A12689B62B1211D10050E4EF /* SupportingResources */ = {
			isa = PBXGroup;
			children = (
				A12689B72B1211F40050E4EF /* TopRoundedCornerView.swift */,
				A12689C02B12381F0050E4EF /* UIViewController+Extension.swift */,
				A12689B92B1216CE0050E4EF /* UIView+Extension.swift */,
				A12689C22B12F8B40050E4EF /* CustomErrors.swift */,
			);
			path = SupportingResources;
			sourceTree = "<group>";
		};
		A12689BB2B1232980050E4EF /* CollapsibleStackUserInput */ = {
			isa = PBXGroup;
			children = (
				A12689BC2B1232DE0050E4EF /* CollapsibleStackUserInputViewController.swift */,
				A12689BD2B1232DE0050E4EF /* CollapsibleStackUserInputViewController.xib */,
			);
			path = CollapsibleStackUserInput;
			sourceTree = "<group>";
		};
/* End PBXGroup section */

/* Begin PBXNativeTarget section */
		A126898D2B11DFBD0050E4EF /* Cred Task */ = {
			isa = PBXNativeTarget;
			buildConfigurationList = A12689A22B11DFBE0050E4EF /* Build configuration list for PBXNativeTarget "Cred Task" */;
			buildPhases = (
				A126898A2B11DFBD0050E4EF /* Sources */,
				A126898B2B11DFBD0050E4EF /* Frameworks */,
				A126898C2B11DFBD0050E4EF /* Resources */,
			);
			buildRules = (
			);
			dependencies = (
			);
			name = "Cred Task";
			productName = "Cred Task";
			productReference = A126898E2B11DFBD0050E4EF /* Cred Task.app */;
			productType = "com.apple.product-type.application";
		};
/* End PBXNativeTarget section */

/* Begin PBXProject section */
		A12689862B11DFBD0050E4EF /* Project object */ = {
			isa = PBXProject;
			attributes = {
				BuildIndependentTargetsInParallel = 1;
				LastSwiftUpdateCheck = 1500;
				LastUpgradeCheck = 1500;
				TargetAttributes = {
					A126898D2B11DFBD0050E4EF = {
						CreatedOnToolsVersion = 15.0;
					};
				};
			};
			buildConfigurationList = A12689892B11DFBD0050E4EF /* Build configuration list for PBXProject "Cred Task" */;
			compatibilityVersion = "Xcode 14.0";
			developmentRegion = en;
			hasScannedForEncodings = 0;
			knownRegions = (
				en,
				Base,
			);
			mainGroup = A12689852B11DFBD0050E4EF;
			productRefGroup = A126898F2B11DFBD0050E4EF /* Products */;
			projectDirPath = "";
			projectRoot = "";
			targets = (
				A126898D2B11DFBD0050E4EF /* Cred Task */,
			);
		};
/* End PBXProject section */

/* Begin PBXResourcesBuildPhase section */
		A126898C2B11DFBD0050E4EF /* Resources */ = {
			isa = PBXResourcesBuildPhase;
			buildActionMask = 2147483647;
			files = (
				A12689B52B11EEEE0050E4EF /* AmountSelectionViewController.xib in Resources */,
				A126899E2B11DFBE0050E4EF /* LaunchScreen.storyboard in Resources */,
				A12689BF2B1232DE0050E4EF /* CollapsibleStackUserInputViewController.xib in Resources */,
				A126899B2B11DFBE0050E4EF /* Assets.xcassets in Resources */,
			);
			runOnlyForDeploymentPostprocessing = 0;
		};
/* End PBXResourcesBuildPhase section */

/* Begin PBXSourcesBuildPhase section */
		A126898A2B11DFBD0050E4EF /* Sources */ = {
			isa = PBXSourcesBuildPhase;
			buildActionMask = 2147483647;
			files = (
				A12689AC2B11E1940050E4EF /* CollapsibleStackRootViewProtocol.swift in Sources */,
				A12689B82B1211F40050E4EF /* TopRoundedCornerView.swift in Sources */,
				A12689BA2B1216CE0050E4EF /* UIView+Extension.swift in Sources */,
				A12689BE2B1232DE0050E4EF /* CollapsibleStackUserInputViewController.swift in Sources */,
				A12689B42B11EEEE0050E4EF /* AmountSelectionViewController.swift in Sources */,
				A12689922B11DFBD0050E4EF /* AppDelegate.swift in Sources */,
				A12689AE2B11E1B00050E4EF /* CollapsibleStackRootViewController.swift in Sources */,
				A12689942B11DFBD0050E4EF /* SceneDelegate.swift in Sources */,
				A12689C12B12381F0050E4EF /* UIViewController+Extension.swift in Sources */,
				A12689C32B12F8B40050E4EF /* CustomErrors.swift in Sources */,
				A12689B02B11E5570050E4EF /* CollapsibleViewControllerProtocol.swift in Sources */,
			);
			runOnlyForDeploymentPostprocessing = 0;
		};
/* End PBXSourcesBuildPhase section */

/* Begin PBXVariantGroup section */
		A126899C2B11DFBE0050E4EF /* LaunchScreen.storyboard */ = {
			isa = PBXVariantGroup;
			children = (
				A126899D2B11DFBE0050E4EF /* Base */,
			);
			name = LaunchScreen.storyboard;
			sourceTree = "<group>";
		};
/* End PBXVariantGroup section */

/* Begin XCBuildConfiguration section */
		A12689A02B11DFBE0050E4EF /* Debug */ = {
			isa = XCBuildConfiguration;
			buildSettings = {
				ALWAYS_SEARCH_USER_PATHS = NO;
				ASSETCATALOG_COMPILER_GENERATE_SWIFT_ASSET_SYMBOL_EXTENSIONS = YES;
				CLANG_ANALYZER_NONNULL = YES;
				CLANG_ANALYZER_NUMBER_OBJECT_CONVERSION = YES_AGGRESSIVE;
				CLANG_CXX_LANGUAGE_STANDARD = "gnu++20";
				CLANG_ENABLE_MODULES = YES;
				CLANG_ENABLE_OBJC_ARC = YES;
				CLANG_ENABLE_OBJC_WEAK = YES;
				CLANG_WARN_BLOCK_CAPTURE_AUTORELEASING = YES;
				CLANG_WARN_BOOL_CONVERSION = YES;
				CLANG_WARN_COMMA = YES;
				CLANG_WARN_CONSTANT_CONVERSION = YES;
				CLANG_WARN_DEPRECATED_OBJC_IMPLEMENTATIONS = YES;
				CLANG_WARN_DIRECT_OBJC_ISA_USAGE = YES_ERROR;
				CLANG_WARN_DOCUMENTATION_COMMENTS = YES;
				CLANG_WARN_EMPTY_BODY = YES;
				CLANG_WARN_ENUM_CONVERSION = YES;
				CLANG_WARN_INFINITE_RECURSION = YES;
				CLANG_WARN_INT_CONVERSION = YES;
				CLANG_WARN_NON_LITERAL_NULL_CONVERSION = YES;
				CLANG_WARN_OBJC_IMPLICIT_RETAIN_SELF = YES;
				CLANG_WARN_OBJC_LITERAL_CONVERSION = YES;
				CLANG_WARN_OBJC_ROOT_CLASS = YES_ERROR;
				CLANG_WARN_QUOTED_INCLUDE_IN_FRAMEWORK_HEADER = YES;
				CLANG_WARN_RANGE_LOOP_ANALYSIS = YES;
				CLANG_WARN_STRICT_PROTOTYPES = YES;
				CLANG_WARN_SUSPICIOUS_MOVE = YES;
				CLANG_WARN_UNGUARDED_AVAILABILITY = YES_AGGRESSIVE;
				CLANG_WARN_UNREACHABLE_CODE = YES;
				CLANG_WARN__DUPLICATE_METHOD_MATCH = YES;
				COPY_PHASE_STRIP = NO;
				DEBUG_INFORMATION_FORMAT = dwarf;
				ENABLE_STRICT_OBJC_MSGSEND = YES;
				ENABLE_TESTABILITY = YES;
				ENABLE_USER_SCRIPT_SANDBOXING = YES;
				GCC_C_LANGUAGE_STANDARD = gnu17;
				GCC_DYNAMIC_NO_PIC = NO;
				GCC_NO_COMMON_BLOCKS = YES;
				GCC_OPTIMIZATION_LEVEL = 0;
				GCC_PREPROCESSOR_DEFINITIONS = (
					"DEBUG=1",
					"$(inherited)",
				);
				GCC_WARN_64_TO_32_BIT_CONVERSION = YES;
				GCC_WARN_ABOUT_RETURN_TYPE = YES_ERROR;
				GCC_WARN_UNDECLARED_SELECTOR = YES;
				GCC_WARN_UNINITIALIZED_AUTOS = YES_AGGRESSIVE;
				GCC_WARN_UNUSED_FUNCTION = YES;
				GCC_WARN_UNUSED_VARIABLE = YES;
				IPHONEOS_DEPLOYMENT_TARGET = 17.0;
				LOCALIZATION_PREFERS_STRING_CATALOGS = YES;
				MTL_ENABLE_DEBUG_INFO = INCLUDE_SOURCE;
				MTL_FAST_MATH = YES;
				ONLY_ACTIVE_ARCH = YES;
				SDKROOT = iphoneos;
				SWIFT_ACTIVE_COMPILATION_CONDITIONS = "DEBUG $(inherited)";
				SWIFT_OPTIMIZATION_LEVEL = "-Onone";
			};
			name = Debug;
		};
		A12689A12B11DFBE0050E4EF /* Release */ = {
			isa = XCBuildConfiguration;
			buildSettings = {
				ALWAYS_SEARCH_USER_PATHS = NO;
				ASSETCATALOG_COMPILER_GENERATE_SWIFT_ASSET_SYMBOL_EXTENSIONS = YES;
				CLANG_ANALYZER_NONNULL = YES;
				CLANG_ANALYZER_NUMBER_OBJECT_CONVERSION = YES_AGGRESSIVE;
				CLANG_CXX_LANGUAGE_STANDARD = "gnu++20";
				CLANG_ENABLE_MODULES = YES;
				CLANG_ENABLE_OBJC_ARC = YES;
				CLANG_ENABLE_OBJC_WEAK = YES;
				CLANG_WARN_BLOCK_CAPTURE_AUTORELEASING = YES;
				CLANG_WARN_BOOL_CONVERSION = YES;
				CLANG_WARN_COMMA = YES;
				CLANG_WARN_CONSTANT_CONVERSION = YES;
				CLANG_WARN_DEPRECATED_OBJC_IMPLEMENTATIONS = YES;
				CLANG_WARN_DIRECT_OBJC_ISA_USAGE = YES_ERROR;
				CLANG_WARN_DOCUMENTATION_COMMENTS = YES;
				CLANG_WARN_EMPTY_BODY = YES;
				CLANG_WARN_ENUM_CONVERSION = YES;
				CLANG_WARN_INFINITE_RECURSION = YES;
				CLANG_WARN_INT_CONVERSION = YES;
				CLANG_WARN_NON_LITERAL_NULL_CONVERSION = YES;
				CLANG_WARN_OBJC_IMPLICIT_RETAIN_SELF = YES;
				CLANG_WARN_OBJC_LITERAL_CONVERSION = YES;
				CLANG_WARN_OBJC_ROOT_CLASS = YES_ERROR;
				CLANG_WARN_QUOTED_INCLUDE_IN_FRAMEWORK_HEADER = YES;
				CLANG_WARN_RANGE_LOOP_ANALYSIS = YES;
				CLANG_WARN_STRICT_PROTOTYPES = YES;
				CLANG_WARN_SUSPICIOUS_MOVE = YES;
				CLANG_WARN_UNGUARDED_AVAILABILITY = YES_AGGRESSIVE;
				CLANG_WARN_UNREACHABLE_CODE = YES;
				CLANG_WARN__DUPLICATE_METHOD_MATCH = YES;
				COPY_PHASE_STRIP = NO;
				DEBUG_INFORMATION_FORMAT = "dwarf-with-dsym";
				ENABLE_NS_ASSERTIONS = NO;
				ENABLE_STRICT_OBJC_MSGSEND = YES;
				ENABLE_USER_SCRIPT_SANDBOXING = YES;
				GCC_C_LANGUAGE_STANDARD = gnu17;
				GCC_NO_COMMON_BLOCKS = YES;
				GCC_WARN_64_TO_32_BIT_CONVERSION = YES;
				GCC_WARN_ABOUT_RETURN_TYPE = YES_ERROR;
				GCC_WARN_UNDECLARED_SELECTOR = YES;
				GCC_WARN_UNINITIALIZED_AUTOS = YES_AGGRESSIVE;
				GCC_WARN_UNUSED_FUNCTION = YES;
				GCC_WARN_UNUSED_VARIABLE = YES;
				IPHONEOS_DEPLOYMENT_TARGET = 17.0;
				LOCALIZATION_PREFERS_STRING_CATALOGS = YES;
				MTL_ENABLE_DEBUG_INFO = NO;
				MTL_FAST_MATH = YES;
				SDKROOT = iphoneos;
				SWIFT_COMPILATION_MODE = wholemodule;
				VALIDATE_PRODUCT = YES;
			};
			name = Release;
		};
		A12689A32B11DFBE0050E4EF /* Debug */ = {
			isa = XCBuildConfiguration;
			buildSettings = {
				ASSETCATALOG_COMPILER_APPICON_NAME = AppIcon;
				ASSETCATALOG_COMPILER_GLOBAL_ACCENT_COLOR_NAME = AccentColor;
				CODE_SIGN_STYLE = Automatic;
				CURRENT_PROJECT_VERSION = 1;
				DEVELOPMENT_TEAM = 8HL6GD96GK;
				GENERATE_INFOPLIST_FILE = YES;
				INFOPLIST_FILE = "Cred Task/Info.plist";
				INFOPLIST_KEY_UIApplicationSupportsIndirectInputEvents = YES;
				INFOPLIST_KEY_UILaunchStoryboardName = LaunchScreen;
				INFOPLIST_KEY_UISupportedInterfaceOrientations_iPad = "UIInterfaceOrientationPortrait UIInterfaceOrientationPortraitUpsideDown UIInterfaceOrientationLandscapeLeft UIInterfaceOrientationLandscapeRight";
				INFOPLIST_KEY_UISupportedInterfaceOrientations_iPhone = "UIInterfaceOrientationPortrait UIInterfaceOrientationLandscapeLeft UIInterfaceOrientationLandscapeRight";
				LD_RUNPATH_SEARCH_PATHS = (
					"$(inherited)",
					"@executable_path/Frameworks",
				);
				MARKETING_VERSION = 1.0;
				PRODUCT_BUNDLE_IDENTIFIER = "com.devesh.Cred-Task";
				PRODUCT_NAME = "$(TARGET_NAME)";
				SWIFT_EMIT_LOC_STRINGS = YES;
				SWIFT_VERSION = 5.0;
				TARGETED_DEVICE_FAMILY = "1,2";
			};
			name = Debug;
		};
		A12689A42B11DFBE0050E4EF /* Release */ = {
			isa = XCBuildConfiguration;
			buildSettings = {
				ASSETCATALOG_COMPILER_APPICON_NAME = AppIcon;
				ASSETCATALOG_COMPILER_GLOBAL_ACCENT_COLOR_NAME = AccentColor;
				CODE_SIGN_STYLE = Automatic;
				CURRENT_PROJECT_VERSION = 1;
				DEVELOPMENT_TEAM = 8HL6GD96GK;
				GENERATE_INFOPLIST_FILE = YES;
				INFOPLIST_FILE = "Cred Task/Info.plist";
				INFOPLIST_KEY_UIApplicationSupportsIndirectInputEvents = YES;
				INFOPLIST_KEY_UILaunchStoryboardName = LaunchScreen;
				INFOPLIST_KEY_UISupportedInterfaceOrientations_iPad = "UIInterfaceOrientationPortrait UIInterfaceOrientationPortraitUpsideDown UIInterfaceOrientationLandscapeLeft UIInterfaceOrientationLandscapeRight";
				INFOPLIST_KEY_UISupportedInterfaceOrientations_iPhone = "UIInterfaceOrientationPortrait UIInterfaceOrientationLandscapeLeft UIInterfaceOrientationLandscapeRight";
				LD_RUNPATH_SEARCH_PATHS = (
					"$(inherited)",
					"@executable_path/Frameworks",
				);
				MARKETING_VERSION = 1.0;
				PRODUCT_BUNDLE_IDENTIFIER = "com.devesh.Cred-Task";
				PRODUCT_NAME = "$(TARGET_NAME)";
				SWIFT_EMIT_LOC_STRINGS = YES;
				SWIFT_VERSION = 5.0;
				TARGETED_DEVICE_FAMILY = "1,2";
			};
			name = Release;
		};
/* End XCBuildConfiguration section */

/* Begin XCConfigurationList section */
		A12689892B11DFBD0050E4EF /* Build configuration list for PBXProject "Cred Task" */ = {
			isa = XCConfigurationList;
			buildConfigurations = (
				A12689A02B11DFBE0050E4EF /* Debug */,
				A12689A12B11DFBE0050E4EF /* Release */,
			);
			defaultConfigurationIsVisible = 0;
			defaultConfigurationName = Release;
		};
		A12689A22B11DFBE0050E4EF /* Build configuration list for PBXNativeTarget "Cred Task" */ = {
			isa = XCConfigurationList;
			buildConfigurations = (
				A12689A32B11DFBE0050E4EF /* Debug */,
				A12689A42B11DFBE0050E4EF /* Release */,
			);
			defaultConfigurationIsVisible = 0;
			defaultConfigurationName = Release;
		};
/* End XCConfigurationList section */
	};
	rootObject = A12689862B11DFBD0050E4EF /* Project object */;
}
